
Microsoft Visual Studio Solution File, Format Version 12.00
# Visual Studio Version 17
VisualStudioVersion = 17.1.32328.378
MinimumVisualStudioVersion = 10.0.40219.1
Project("{FAE04EC0-301F-11D3-BF4B-00C04F79EFBC}") = "P00196750_Mohammad_Munem_Sarwar_DDOOCP_Winter", "P00196750_Mohammad_Munem_Sarwar_DDOOCP_Winter.csproj", "{E31E7F38-C806-438C-B8BB-42A7574CCE1A}"
EndProject
Global
	GlobalSection(SolutionConfigurationPlatforms) = preSolution
		Debug|Any CPU = Debug|Any CPU
		Release|Any CPU = Release|Any CPU
	EndGlobalSection
	GlobalSection(ProjectConfigurationPlatforms) = postSolution
		{E31E7F38-C806-438C-B8BB-42A7574CCE1A}.Debug|Any CPU.ActiveCfg = Debug|Any CPU
		{E31E7F38-C806-438C-B8BB-42A7574CCE1A}.Debug|Any CPU.Build.0 = Debug|Any CPU
		{E31E7F38-C806-438C-B8BB-42A7574CCE1A}.Release|Any CPU.ActiveCfg = Release|Any CPU
		{E31E7F38-C806-438C-B8BB-42A7574CCE1A}.Release|Any CPU.Build.0 = Release|Any CPU
	EndGlobalSection
	GlobalSection(SolutionProperties) = preSolution
		HideSolutionNode = FALSE
	EndGlobalSection
	GlobalSection(ExtensibilityGlobals) = postSolution
		SolutionGuid = {53F2552C-EFC2-41BE-9930-F00C393E6066}
	EndGlobalSection
EndGlobal
